
Microsoft Visual Studio Solution File, Format Version 12.00
# Visual Studio Version 17
VisualStudioVersion = 17.13.35931.197 d17.13
MinimumVisualStudioVersion = 10.0.40219.1
Project("{FAE04EC0-301F-11D3-BF4B-00C04F79EFBC}") = "TicTacToe", "TicTacToe\TicTacToe.csproj", "{57F50C95-19E3-4BAB-99B0-89FA54171BFC}"
EndProject
Global
	GlobalSection(SolutionConfigurationPlatforms) = preSolution
		Debug|Any CPU = Debug|Any CPU
		Release|Any CPU = Release|Any CPU
	EndGlobalSection
	GlobalSection(ProjectConfigurationPlatforms) = postSolution
		{57F50C95-19E3-4BAB-99B0-89FA54171BFC}.Debug|Any CPU.ActiveCfg = Debug|Any CPU
		{57F50C95-19E3-4BAB-99B0-89FA54171BFC}.Debug|Any CPU.Build.0 = Debug|Any CPU
		{57F50C95-19E3-4BAB-99B0-89FA54171BFC}.Release|Any CPU.ActiveCfg = Release|Any CPU
		{57F50C95-19E3-4BAB-99B0-89FA54171BFC}.Release|Any CPU.Build.0 = Release|Any CPU
	EndGlobalSection
	GlobalSection(SolutionProperties) = preSolution
		HideSolutionNode = FALSE
	EndGlobalSection
	GlobalSection(ExtensibilityGlobals) = postSolution
		SolutionGuid = {B5A14FB3-984F-4E16-8252-F232134496F5}
	EndGlobalSection
EndGlobal
